{
  "name": "helloworldproject",
  "version": "1.0.0",
  "lockfileVersion": 1,
  "requires": true,
  "dependencies": {
    "async": {
      "version": "0.9.2",
      "resolved": "https://registry.npmjs.org/async/-/async-0.9.2.tgz",
      "integrity": "sha1-rqdNXmHB+JlhO/ZL2mbUx48v0X0="
    },
    "core-util-is": {
      "version": "1.0.2",
      "resolved": "https://registry.npmjs.org/core-util-is/-/core-util-is-1.0.2.tgz",
      "integrity": "sha1-tf1UIgqivFq1eqtxQMlAdUUDwac="
    },
    "csv-parse": {
      "version": "0.0.5",
      "resolved": "https://registry.npmjs.org/csv-parse/-/csv-parse-0.0.5.tgz",
      "integrity": "sha1-mwlO4/A3N/yhrFMArlyksZMbe24="
    },
    "csv2xml": {
      "version": "0.0.4",
      "resolved": "https://registry.npmjs.org/csv2xml/-/csv2xml-0.0.4.tgz",
      "integrity": "sha1-DwKBICcOPjYtlEPSr8AXB2om4do=",
      "requires": {
        "async": "0.9.2",
        "csv-parse": "0.0.5",
        "js2xmlparser": "0.1.9",
        "lodash": "2.4.2",
        "multipipe": "0.1.2",
        "through": "2.3.8",
        "underscore": "1.8.3"
      },
      "dependencies": {
        "js2xmlparser": {
          "version": "0.1.9",
          "resolved": "https://registry.npmjs.org/js2xmlparser/-/js2xmlparser-0.1.9.tgz",
          "integrity": "sha1-LFFniOCUYGN/mkA9/te5JfcdI54="
        },
        "lodash": {
          "version": "2.4.2",
          "resolved": "https://registry.npmjs.org/lodash/-/lodash-2.4.2.tgz",
          "integrity": "sha1-+t2DS5aDBz2hebPq5tnA0VBT9z4="
        }
      }
    },
    "csvtojson": {
      "version": "1.1.7",
      "resolved": "https://registry.npmjs.org/csvtojson/-/csvtojson-1.1.7.tgz",
      "integrity": "sha1-F97QeuwNjAHy1vaHHPo2q4ixSbE=",
      "requires": {
        "lodash": "4.17.4",
        "strip-bom": "1.0.0"
      }
    },
    "cvstojxh": {
      "version": "1.0.7",
      "resolved": "https://registry.npmjs.org/cvstojxh/-/cvstojxh-1.0.7.tgz",
      "integrity": "sha512-FrUWKhWzVJ6EWAHhIq9g+H5DsSVXzSaZ5jCd7lRk6ZoGpHaAUCOjIMQdf5p1+z09myVlsBXOSjULiMpQx1tHJA==",
      "requires": {
        "csv2xml": "0.0.4",
        "csvtojson": "1.1.7",
        "js2xmlparser": "3.0.0",
        "node-json2html": "1.1.1"
      }
    },
    "duplexer2": {
      "version": "0.0.2",
      "resolved": "https://registry.npmjs.org/duplexer2/-/duplexer2-0.0.2.tgz",
      "integrity": "sha1-xhTc9n4vsUmVqRcR5aYX6KYKMds=",
      "requires": {
        "readable-stream": "1.1.14"
      }
    },
    "first-chunk-stream": {
      "version": "1.0.0",
      "resolved": "https://registry.npmjs.org/first-chunk-stream/-/first-chunk-stream-1.0.0.tgz",
      "integrity": "sha1-Wb+1DNkF9g18OUzT2ayqtOatk04="
    },
    "inherits": {
      "version": "2.0.3",
      "resolved": "https://registry.npmjs.org/inherits/-/inherits-2.0.3.tgz",
      "integrity": "sha1-Yzwsg+PaQqUC9SRmAiSA9CCCYd4="
    },
    "is-utf8": {
      "version": "0.2.1",
      "resolved": "https://registry.npmjs.org/is-utf8/-/is-utf8-0.2.1.tgz",
      "integrity": "sha1-Sw2hRCEE0bM2NA6AeX6GXPOffXI="
    },
    "isarray": {
      "version": "0.0.1",
      "resolved": "https://registry.npmjs.org/isarray/-/isarray-0.0.1.tgz",
      "integrity": "sha1-ihis/Kmo9Bd+Cav8YDiTmwXR7t8="
    },
    "js2xmlparser": {
      "version": "3.0.0",
      "resolved": "https://registry.npmjs.org/js2xmlparser/-/js2xmlparser-3.0.0.tgz",
      "integrity": "sha1-P7YOqgicVED5MZ9RdgzNB+JJlzM=",
      "requires": {
        "xmlcreate": "1.0.2"
      }
    },
    "lodash": {
      "version": "4.17.4",
      "resolved": "https://registry.npmjs.org/lodash/-/lodash-4.17.4.tgz",
      "integrity": "sha1-eCA6TRwyiuHYbcpkYONptX9AVa4="
    },
    "multipipe": {
      "version": "0.1.2",
      "resolved": "https://registry.npmjs.org/multipipe/-/multipipe-0.1.2.tgz",
      "integrity": "sha1-Ko8t33Du1WTf8tV/HhoTfZ8FB4s=",
      "requires": {
        "duplexer2": "0.0.2"
      }
    },
    "node-json2html": {
      "version": "1.1.1",
      "resolved": "https://registry.npmjs.org/node-json2html/-/node-json2html-1.1.1.tgz",
      "integrity": "sha1-9Z+iyVLMTY/i3+PwkLkRhlVpBn4="
    },
    "readable-stream": {
      "version": "1.1.14",
      "resolved": "https://registry.npmjs.org/readable-stream/-/readable-stream-1.1.14.tgz",
      "integrity": "sha1-fPTFTvZI44EwhMY23SB54WbAgdk=",
      "requires": {
        "core-util-is": "1.0.2",
        "inherits": "2.0.3",
        "isarray": "0.0.1",
        "string_decoder": "0.10.31"
      }
    },
    "string_decoder": {
      "version": "0.10.31",
      "resolved": "https://registry.npmjs.org/string_decoder/-/string_decoder-0.10.31.tgz",
      "integrity": "sha1-YuIDvEF2bGwoyfyEMB2rHFMQ+pQ="
    },
    "strip-bom": {
      "version": "1.0.0",
      "resolved": "https://registry.npmjs.org/strip-bom/-/strip-bom-1.0.0.tgz",
      "integrity": "sha1-hbiGLzhEtabV7IRnqTWYFzo295Q=",
      "requires": {
        "first-chunk-stream": "1.0.0",
        "is-utf8": "0.2.1"
      }
    },
    "through": {
      "version": "2.3.8",
      "resolved": "https://registry.npmjs.org/through/-/through-2.3.8.tgz",
      "integrity": "sha1-DdTJ/6q8NXlgsbckEV1+Doai4fU="
    },
    "underscore": {
      "version": "1.8.3",
      "resolved": "https://registry.npmjs.org/underscore/-/underscore-1.8.3.tgz",
      "integrity": "sha1-Tz+1OxBuYJf8+ctBCfKl6b36UCI="
    },
    "xmlcreate": {
      "version": "1.0.2",
      "resolved": "https://registry.npmjs.org/xmlcreate/-/xmlcreate-1.0.2.tgz",
      "integrity": "sha1-+mv3YqYKQT+z3Y9LA8WyaSONMI8="
    }
  }
}
